PackratFormat: 1.4
PackratVersion: 0.4.8.1
RVersion: 3.3.1
Repos: BioCsoft=https://bioconductor.org/packages/3.3/bioc,
    BioCann=https://bioconductor.org/packages/3.3/data/annotation,
    BioCexp=https://bioconductor.org/packages/3.3/data/experiment,
    BioCextra=https://bioconductor.org/packages/3.3/extra,
    CRAN=https://cran.rstudio.com/,
    CRANextra=https://www.stats.ox.ac.uk/pub/RWin

Package: BH
Source: CRAN
Version: 1.60.0-2
Hash: be2967bcff307e561d9ba17faf03205c

Package: DBI
Source: CRAN
Version: 0.5-1
Hash: 375869004db963f9915f2b8a49b4a718

Package: Formula
Source: CRAN
Version: 1.2-1
Hash: 47ae34d89a8dd8fde36c9c0b5c587819

Package: Hmisc
Source: CRAN
Version: 3.17-4
Hash: cc7076b8d20cee30cef888cb4392f5bf
Requires: Formula, acepack, data.table, ggplot2, gridExtra, gtable,
    lattice, latticeExtra, survival

Package: PKI
Source: CRAN
Version: 0.1-3
Hash: aca3e459c659b6d8266538520f72ba19
Requires: base64enc

Package: R6
Source: CRAN
Version: 2.2.0
Hash: 712773a3439bd32db5c40938e1a9aac2

Package: RColorBrewer
Source: CRAN
Version: 1.1-2
Hash: c0d56cd15034f395874c870141870c25

Package: RCurl
Source: CRAN
Version: 1.95-4.8
Hash: 79c7d5a8684e44e0e3426d3093aa7d90
Requires: bitops

Package: RJSONIO
Source: CRAN
Version: 1.3-0
Hash: fb672e20eb6f3010a3639f855d8ef6de

Package: Rcpp
Source: CRAN
Version: 0.12.7
Hash: f0ba7322cfb66f1b563462faa9c2b2ab

Package: acepack
Source: CRAN
Version: 1.3-3.3
Hash: 98134fc49d89dcc4662712f3111e68e6

Package: assertthat
Source: CRAN
Version: 0.1
Hash: 0afb92b59b02593c70ff8046700ba9d3

Package: base64enc
Source: CRAN
Version: 0.1-3
Hash: c590d29e555926af053055e23ee79efb

Package: bitops
Source: CRAN
Version: 1.0-6
Hash: 67d0775189fd0041d95abca618c5c07e

Package: bookdown
Source: github
Version: 0.1.10
Hash: 048c127c22c7869dddac9467b349a110
Requires: htmltools, knitr, miniUI, rmarkdown, rsconnect, yaml
GithubRepo: bookdown
GithubUsername: rstudio
GithubRef: master
GithubSha1: eac4ea1b5025232f944e82cebef7dd041c199e64

Package: broom
Source: CRAN
Version: 0.4.1
Hash: c90145ada2eac0128487c21ab2ac9c78
Requires: dplyr, plyr, psych, reshape2, stringr, tidyr

Package: caTools
Source: CRAN
Version: 1.17.1
Hash: 97cb6f6293cd18d17df77a6383cc6763
Requires: bitops

Package: chron
Source: CRAN
Version: 2.3-47
Hash: d25d96d908cd21080f24c89eed4c80a0

Package: colorspace
Source: CRAN
Version: 1.2-7
Hash: a5cf9920b36c0a171e1b04ffed1ace5a

Package: crayon
Source: CRAN
Version: 1.3.2
Hash: 576a9d297a567d6a5ebd164ca5221590

Package: data.table
Source: CRAN
Version: 1.9.6
Hash: f92ef1f73afa43bf6fd69a22f3794abd
Requires: chron

Package: dichromat
Source: CRAN
Version: 2.0-0
Hash: 08eed0c80510af29bb15f840ccfe37ce

Package: digest
Source: CRAN
Version: 0.6.10
Hash: 87165608ca8aeb0958835c3c5b52b6b7

Package: dplyr
Source: github
Version: 0.5.0.9000
Hash: 2bda96c7fd316bcbfb0e0495f1a07a8e
Requires: BH, DBI, R6, Rcpp, assertthat, lazyeval, magrittr, plogr,
    tibble
GithubRepo: dplyr
GithubUsername: hadley
GithubRef: master
GithubSha1: e8083d4dd43d722e392d098f9572f6ef387f56e3

Package: evaluate
Source: CRAN
Version: 0.10
Hash: c3601a10c987d439e0c63ec635234a76
Requires: stringr

Package: fitdistrplus
Source: CRAN
Version: 1.0-7
Requires: survival

Package: formatR
Source: CRAN
Version: 1.4
Hash: b2a47a2b91737978cf50ba95825a9cd1

Package: ggfortify
Source: CRAN
Version: 0.2.0
Requires: gridExtra, scales, dplyr, tidyr, ggplot2

Package: ggplot2
Source: CRAN
Version: 2.1.0
Hash: 50e297b0191179c39c7dcae0eff72b51
Requires: digest, gtable, plyr, scales, reshape2

Package: ggrepel
Source: CRAN
Version: 0.5
Hash: 5797fec8e2806fcb1d69a58b792d1446
Requires: Rcpp, ggplot2

Package: gridExtra
Source: CRAN
Version: 2.2.1
Hash: 8f54b57d4b0598ed5b27e0eafe86a670
Requires: gtable

Package: gtable
Source: CRAN
Version: 0.2.0
Hash: cd78381a9d3fea966ac39bd0daaf5554

Package: highr
Source: CRAN
Version: 0.6
Hash: aa3d5b7912b5fed4b546ed5cd2a1760b

Package: htmltools
Source: CRAN
Version: 0.3.5
Hash: a96dc1cfe628e66337c86be732567df2
Requires: Rcpp, digest

Package: httpuv
Source: CRAN
Version: 1.3.3
Hash: 12c4ec43e5609293576e368c740c1f84
Requires: Rcpp

Package: jsonlite
Source: CRAN
Version: 1.1
Hash: 86d4b85b84421a4815f1bb4872e30ef4

Package: knitr
Source: github
Version: 1.14.5
Hash: f916637b2a613d172793eb431f5fb6a7
Requires: digest, evaluate, formatR, highr, markdown, stringr, yaml
GithubRepo: knitr
GithubUsername: yihui
GithubRef: master
GithubSha1: f5e2d9e12f6981ac7144986f1aa2c014ff28e09e

Package: labeling
Source: CRAN
Version: 0.3
Hash: ecf589b42cd284b03a4beb9665482d3e

Package: lattice
Source: CRAN
Version: 0.20-34
Hash: 4390fc5602fd36017be70a27f7123ff3

Package: latticeExtra
Source: CRAN
Version: 0.6-28
Hash: efdf3a10a129129f7b8f4ae5a0d7ec3d
Requires: RColorBrewer, lattice

Package: lazyeval
Source: github
Version: 0.2.0.9000
Hash: 25d09b7907a77cccd517bf1c2021f2ae
GithubRepo: lazyeval
GithubUsername: hadley
GithubRef: master
GithubSha1: c155c3d534072ca58bcb5fe22ab185e3e4098c73

Package: magrittr
Source: CRAN
Version: 1.5
Hash: bdc4d48c3135e8f3b399536ddf160df4

Package: markdown
Source: CRAN
Version: 0.7.7
Hash: fea2343a1119d61b0cc5c0a950d103a3
Requires: mime

Package: mime
Source: CRAN
Version: 0.5
Hash: 463550cf44fb6f0a2359368f42eebe62

Package: miniUI
Source: CRAN
Version: 0.1.1
Hash: e85626581f80b1fe6c92a96ec348efc5
Requires: htmltools, shiny

Package: mnormt
Source: CRAN
Version: 1.5-4
Hash: d9793228e6242e0f025123fc19587990

Package: munsell
Source: CRAN
Version: 0.4.3
Hash: f96d896947fcaf9b6d0074002e9f4f9d
Requires: colorspace

Package: packrat
Source: CRAN
Version: 0.4.8-1
Hash: 6ad605ba7b4b476d84be6632393f5765

Package: perm
Source: CRAN
Version: 1.0-0.0
Hash: 103fb1e3cdfd9f1757230b2a45e3b594

Package: plogr
Source: CRAN
Version: 0.1-1
Hash: fb19215402e2d9f1c7f803dcaa806fc2

Package: plyr
Source: CRAN
Version: 1.8.4
Hash: 75ca080b10a9314a9b293964331e5df7
Requires: Rcpp

Package: praise
Source: CRAN
Version: 1.0.0
Hash: 77da8f1df873a4b91e5c4a68fe2fb1b6

Package: psych
Source: CRAN
Version: 1.6.9
Hash: 663c0ab3af51e3b685a10d7d12d7078f
Requires: mnormt

Package: purrr
Source: CRAN
Version: 0.2.2
Hash: 00a7cfe594aca24c8c7b807a9c8478ed
Requires: BH, Rcpp, dplyr, lazyeval, magrittr

Package: readxl
Source: CRAN
Version: 0.1.1
Hash: b8f078ed7d05f35efd435db8b7be0ebf
Requires: Rcpp

Package: reshape2
Source: CRAN
Version: 1.4.2
Hash: e67d3313d2413c398da41eba4a4e7520
Requires: Rcpp, plyr, stringr

Package: rmarkdown
Source: github
Version: 1.0.9013
Hash: 0a967bcc3afb016b5f576593a946c328
Requires: base64enc, caTools, evaluate, htmltools, jsonlite, knitr,
    tibble, yaml
GithubRepo: rmarkdown
GithubUsername: rstudio
GithubRef: master
GithubSha1: 5d05a39260121016249ea41bf728813a5ceead3f

Package: rsconnect
Source: github
Version: 0.4.4
Hash: 09c7ff59bf67a821e0ac660f7c08cd25
Requires: PKI, RCurl, RJSONIO, digest, packrat, rstudioapi, yaml
GithubRepo: rsconnect
GithubUsername: rstudio
GithubRef: master
GithubSha1: f3608bb4ff2de09a3f0212672cdadc624b3ab4c9

Package: rstudioapi
Source: github
Version: 0.6
Hash: c4061c59305d9346a5642b83c2d0e50e
GithubRepo: rstudioapi
GithubUsername: rstudio
GithubRef: master
GithubSha1: 55d3200e6c8b1627b204215341501ca6e4e03212

Package: scales
Source: CRAN
Version: 0.4.0
Hash: c4a91e7a322e03813b68b73940ce031f
Requires: RColorBrewer, Rcpp, dichromat, labeling, plyr, munsell

Package: shiny
Source: CRAN
Version: 0.14.1
Hash: 65d870a0d4c8b9a2ac3dd552a367510b
Requires: R6, digest, htmltools, httpuv, jsonlite, mime, sourcetools,
    xtable

Package: sourcetools
Source: CRAN
Version: 0.1.5
Hash: 04ddeb1c288302222562326a471e2945

Package: stringi
Source: CRAN
Version: 1.1.2
Hash: 1ad6b1cc11d982ac233bf2fa2f7c9684

Package: stringr
Source: CRAN
Version: 1.1.0
Hash: 4d21d0063b37a17ea18eaec6acd29bf3
Requires: magrittr, stringi

Package: survival
Source: CRAN
Version: 2.39-5
Hash: 1a9baca10e872c728143d44c2c642405

Package: testthat
Source: CRAN
Version: 1.0.2
Hash: 88d5291104227f9dc2e7c7c1d0eb6c74
Requires: R6, crayon, digest, magrittr, praise

Package: tibble
Source: CRAN
Version: 1.2
Hash: 3b35b556ef7acddb0d28fe6a27ad50e4
Requires: Rcpp, assertthat, lazyeval

Package: tidyr
Source: CRAN
Version: 0.6.0
Hash: daf06bb30f2d9581e69609e0c0f7d38a
Requires: Rcpp, lazyeval, magrittr, stringi, tibble, dplyr

Package: xtable
Source: CRAN
Version: 1.8-2
Hash: 7293235cfcc14cdff1ce7fd1a0212031

Package: yaml
Source: CRAN
Version: 2.1.13
Hash: 4854ccabebc225e8a7309fb4a74980de
