PackratFormat: 1.4
PackratVersion: 0.4.8.1
RVersion: 3.3.2
Repos: BioCsoft=https://bioconductor.org/packages/3.3/bioc,
    BioCann=https://bioconductor.org/packages/3.3/data/annotation,
    BioCexp=https://bioconductor.org/packages/3.3/data/experiment,
    BioCextra=https://bioconductor.org/packages/3.3/extra,
    CRAN=https://cran.rstudio.com/,
    CRANextra=https://www.stats.ox.ac.uk/pub/RWin,
    MRAN=https://mran.microsoft.com/snapshot/2016-11-17

Package: BH
Source: CRAN
Version: 1.62.0-1
Hash: 14dfb3e8ffe20996118306ff4de1fab2

Package: DBI
Source: CRAN
Version: 0.5-1
Hash: 375869004db963f9915f2b8a49b4a718

Package: Formula
Source: CRAN
Version: 1.2-1
Hash: 47ae34d89a8dd8fde36c9c0b5c587819

Package: Hmisc
Source: CRAN
Version: 3.17-4
Hash: cc7076b8d20cee30cef888cb4392f5bf
Requires: Formula, acepack, data.table, ggplot2, gridExtra, gtable,
    lattice, latticeExtra, survival

Package: PKI
Source: CRAN
Version: 0.1-3
Hash: aca3e459c659b6d8266538520f72ba19
Requires: base64enc

Package: R6
Source: CRAN
Version: 2.2.0
Hash: 712773a3439bd32db5c40938e1a9aac2

Package: RColorBrewer
Source: CRAN
Version: 1.1-2
Hash: c0d56cd15034f395874c870141870c25

Package: RCurl
Source: CRAN
Version: 1.95-4.8
Hash: 79c7d5a8684e44e0e3426d3093aa7d90
Requires: bitops

Package: RJSONIO
Source: CRAN
Version: 1.3-0
Hash: fb672e20eb6f3010a3639f855d8ef6de

Package: Rcpp
Source: CRAN
Version: 0.12.8
Hash: 436ad5c23fad4e22224c7ac2fc82b049

Package: acepack
Source: CRAN
Version: 1.4.1
Hash: 5ed3b04bc1fa1a934188fc6022d3ba7c

Package: assertthat
Source: CRAN
Version: 0.1
Hash: 0afb92b59b02593c70ff8046700ba9d3

Package: backports
Source: CRAN
Version: 1.0.4
Hash: d8ada9ba0406f95eb7cebaef5e6b5d19

Package: base64enc
Source: CRAN
Version: 0.1-3
Hash: c590d29e555926af053055e23ee79efb

Package: bitops
Source: CRAN
Version: 1.0-6
Hash: 67d0775189fd0041d95abca618c5c07e

Package: bookdown
Source: CRAN
Version: 0.3
Hash: 0c77f8bbcb8b4c96c6630f4a13d17c70
Requires: htmltools, knitr, rmarkdown, yaml

Package: broom
Source: CRAN
Version: 0.4.1
Hash: c90145ada2eac0128487c21ab2ac9c78
Requires: dplyr, plyr, psych, reshape2, stringr, tidyr

Package: caTools
Source: CRAN
Version: 1.17.1
Hash: 97cb6f6293cd18d17df77a6383cc6763
Requires: bitops

Package: chron
Source: CRAN
Version: 2.3-47
Hash: d25d96d908cd21080f24c89eed4c80a0

Package: circular
Source: CRAN
Version: 0.4-7
Hash: be895cd0d7d963efaa7c48db6b48ac5c

Package: colorspace
Source: CRAN
Version: 1.2-7
Hash: a5cf9920b36c0a171e1b04ffed1ace5a

Package: crayon
Source: CRAN
Version: 1.3.2
Hash: 576a9d297a567d6a5ebd164ca5221590

Package: curl
Source: CRAN
Version: 2.2
Hash: 4533829fb0026bd0dea77ba8f1612d37

Package: data.table
Source: CRAN
Version: 1.10.0
Hash: 3be20bb55823803066dce2a38d52cafb

Package: devtools
Source: CRAN
Version: 1.12.0
Hash: bbad95109ae75cbb14099281cda43af2
Requires: digest, git2r, httr, jsonlite, memoise, rstudioapi, whisker,
    withr

Package: dichromat
Source: CRAN
Version: 2.0-0
Hash: 08eed0c80510af29bb15f840ccfe37ce

Package: digest
Source: CRAN
Version: 0.6.10
Hash: 87165608ca8aeb0958835c3c5b52b6b7

Package: dplyr
Source: CRAN
Version: 0.5.0
Hash: 3dcd1c1192d66441a627252b535e5cc2
Requires: BH, DBI, R6, Rcpp, assertthat, lazyeval, magrittr, tibble

Package: evaluate
Source: CRAN
Version: 0.10
Hash: c3601a10c987d439e0c63ec635234a76
Requires: stringr

Package: fitdistrplus
Source: CRAN
Version: 1.0-7
Hash: 3a85fce75e6c1d8252073e6f12fc9e48
Requires: survival

Package: formatR
Source: CRAN
Version: 1.4
Hash: b2a47a2b91737978cf50ba95825a9cd1

Package: ggforce
Source: CRAN
Version: 0.1.1
Hash: 2d4939b50a91324af58d4919c04a0e74
Requires: Rcpp, dplyr, ggplot2, gtable, lazyeval, scales, tweenr, units

Package: ggfortify
Source: CRAN
Version: 0.2.0
Hash: f5fb81f053e13395bdc4e5c144cfef27
Requires: dplyr, ggplot2, gridExtra, scales, tidyr

Package: ggplot2
Source: CRAN
Version: 2.2.0
Hash: 78c14285e0c114542d051a09bd552472
Requires: digest, gtable, lazyeval, plyr, reshape2, scales, tibble

Package: ggrepel
Source: CRAN
Version: 0.5
Hash: 40b71b79251f456b78e97b1a843101ec
Requires: Rcpp, ggplot2

Package: git2r
Source: CRAN
Version: 0.15.0
Hash: 92d5a9f3cba5e146b92a76dabbc29fbb

Package: gridExtra
Source: CRAN
Version: 2.2.1
Hash: 8f54b57d4b0598ed5b27e0eafe86a670
Requires: gtable

Package: gtable
Source: CRAN
Version: 0.2.0
Hash: cd78381a9d3fea966ac39bd0daaf5554

Package: highr
Source: CRAN
Version: 0.6
Hash: aa3d5b7912b5fed4b546ed5cd2a1760b

Package: htmltools
Source: CRAN
Version: 0.3.5
Hash: 49415ab4718e9d37c7ddf74988493c23
Requires: Rcpp, digest

Package: httpuv
Source: CRAN
Version: 1.3.3
Hash: d503eac9dc82852a970018b4f88f5213
Requires: Rcpp

Package: httr
Source: CRAN
Version: 1.2.1
Hash: 7de1f8f760441881804af7c1ff324340
Requires: R6, curl, jsonlite, mime, openssl

Package: jsonlite
Source: CRAN
Version: 1.1
Hash: 86d4b85b84421a4815f1bb4872e30ef4

Package: knitr
Source: CRAN
Version: 1.15.1
Hash: eed7437e2b614c9e3923b7932b16ac97
Requires: digest, evaluate, highr, markdown, stringr, yaml

Package: labeling
Source: CRAN
Version: 0.3
Hash: ecf589b42cd284b03a4beb9665482d3e

Package: lattice
Source: CRAN
Version: 0.20-34
Hash: 4390fc5602fd36017be70a27f7123ff3

Package: latticeExtra
Source: CRAN
Version: 0.6-28
Hash: efdf3a10a129129f7b8f4ae5a0d7ec3d
Requires: RColorBrewer, lattice

Package: lazyeval
Source: github
Version: 0.2.0.9000
Hash: 25d09b7907a77cccd517bf1c2021f2ae
GithubRepo: lazyeval
GithubUsername: hadley
GithubRef: master
GithubSha1: c155c3d534072ca58bcb5fe22ab185e3e4098c73

Package: magrittr
Source: CRAN
Version: 1.5
Hash: bdc4d48c3135e8f3b399536ddf160df4

Package: markdown
Source: CRAN
Version: 0.7.7
Hash: fea2343a1119d61b0cc5c0a950d103a3
Requires: mime

Package: memoise
Source: CRAN
Version: 1.0.0
Hash: 56e7087c3559eb7ba72a9afb349bf896
Requires: digest

Package: mime
Source: CRAN
Version: 0.5
Hash: 463550cf44fb6f0a2359368f42eebe62

Package: miniUI
Source: CRAN
Version: 0.1.1
Hash: e85626581f80b1fe6c92a96ec348efc5
Requires: htmltools, shiny

Package: mnormt
Source: CRAN
Version: 1.5-5
Hash: d0d5efbb1fb26d2dc5f9394c223084b5

Package: munsell
Source: CRAN
Version: 0.4.3
Hash: f96d896947fcaf9b6d0074002e9f4f9d
Requires: colorspace

Package: openssl
Source: CRAN
Version: 0.9.5
Hash: 26776a287eaffb2331c9a449c1d2a791

Package: packrat
Source: CRAN
Version: 0.4.8-1
Hash: 6ad605ba7b4b476d84be6632393f5765

Package: perm
Source: CRAN
Version: 1.0-0.0
Hash: 103fb1e3cdfd9f1757230b2a45e3b594

Package: plogr
Source: CRAN
Version: 0.1-1
Hash: fb19215402e2d9f1c7f803dcaa806fc2

Package: plyr
Source: CRAN
Version: 1.8.4
Hash: fee2f470d73a85f4db7e89d771427e57
Requires: Rcpp

Package: praise
Source: CRAN
Version: 1.0.0
Hash: 77da8f1df873a4b91e5c4a68fe2fb1b6

Package: psych
Source: CRAN
Version: 1.6.9
Hash: 663c0ab3af51e3b685a10d7d12d7078f
Requires: mnormt

Package: purrr
Source: CRAN
Version: 0.2.2
Hash: 883eb391742d94eb62d05aa8c5055211
Requires: BH, Rcpp, dplyr, lazyeval, magrittr

Package: readxl
Source: CRAN
Version: 0.1.1
Hash: a80e2ef94a7228ec43d840fcb2792bc6
Requires: Rcpp

Package: reshape2
Source: CRAN
Version: 1.4.2
Hash: fd2714b51cb380c30fec1687005587a2
Requires: Rcpp, plyr, stringr

Package: rmarkdown
Source: CRAN
Version: 1.3
Hash: d8f0cf248116dbdfc23f35991d0ed3f7
Requires: base64enc, caTools, evaluate, htmltools, jsonlite, knitr,
    rprojroot, yaml

Package: rprojroot
Source: CRAN
Version: 1.1
Hash: bd5b942006c3fa1352c07ba765a2c670
Requires: backports

Package: rsconnect
Source: github
Version: 0.4.4
Hash: 09c7ff59bf67a821e0ac660f7c08cd25
Requires: PKI, RCurl, RJSONIO, digest, packrat, rstudioapi, yaml
GithubRepo: rsconnect
GithubUsername: rstudio
GithubRef: master
GithubSha1: f3608bb4ff2de09a3f0212672cdadc624b3ab4c9

Package: rstudioapi
Source: github
Version: 0.6
Hash: c4061c59305d9346a5642b83c2d0e50e
GithubRepo: rstudioapi
GithubUsername: rstudio
GithubRef: master
GithubSha1: 55d3200e6c8b1627b204215341501ca6e4e03212

Package: scales
Source: CRAN
Version: 0.4.1
Hash: cf658953d600d4736b058df1558df481
Requires: RColorBrewer, Rcpp, dichromat, labeling, munsell, plyr

Package: shiny
Source: CRAN
Version: 0.14.1
Hash: 65d870a0d4c8b9a2ac3dd552a367510b
Requires: R6, digest, htmltools, httpuv, jsonlite, mime, sourcetools,
    xtable

Package: sourcetools
Source: CRAN
Version: 0.1.5
Hash: 04ddeb1c288302222562326a471e2945

Package: stringi
Source: CRAN
Version: 1.1.2
Hash: 1ad6b1cc11d982ac233bf2fa2f7c9684

Package: stringr
Source: CRAN
Version: 1.1.0
Hash: 4d21d0063b37a17ea18eaec6acd29bf3
Requires: magrittr, stringi

Package: survival
Source: CRAN
Version: 2.40-1
Hash: 6c0779308f30f29df842fe8dfa725593

Package: testthat
Source: CRAN
Version: 1.0.2
Hash: 88d5291104227f9dc2e7c7c1d0eb6c74
Requires: R6, crayon, digest, magrittr, praise

Package: tibble
Source: CRAN
Version: 1.2
Hash: ee28ae66deec042f19aff6fa10f5f8d5
Requires: Rcpp, assertthat, lazyeval

Package: tidyr
Source: CRAN
Version: 0.6.0
Hash: 55b2d458dcd3407abb74732c82be146c
Requires: Rcpp, dplyr, lazyeval, magrittr, stringi, tibble

Package: tweenr
Source: CRAN
Version: 0.1.5
Hash: b514df0895b17e46940e97b116dffcb1
Requires: Rcpp

Package: udunits2
Source: CRAN
Version: 0.13
Hash: 587587ec23c49271e0657fed726e7846

Package: units
Source: CRAN
Version: 0.4-1
Hash: f297145d418ec6cddf0116266a1b3c64
Requires: udunits2

Package: whisker
Source: CRAN
Version: 0.3-2
Hash: 803d662762e532705c2c066a82d066e7

Package: withr
Source: CRAN
Version: 1.0.2
Hash: 774eb7be9087cdc24b53b74e5359cfac

Package: xtable
Source: CRAN
Version: 1.8-2
Hash: 7293235cfcc14cdff1ce7fd1a0212031

Package: yaml
Source: CRAN
Version: 2.1.14
Hash: c81230c3a7d9ba20607ad6b4331173d1
